// !$*UTF8*$!
{
	archiveVersion = 1;
	classes = {
	};
	objectVersion = 50;
	objects = {

/* Begin PBXBuildFile section */
		4CF75C6F5239ED4903A9DADE /* Pods_MVVMTask.framework in Frameworks */ = {isa = PBXBuildFile; fileRef = B34021106CF509E0B2B9E469 /* Pods_MVVMTask.framework */; };
		7743DA77256A873B00D3291C /* NetworkManagerTests.swift in Sources */ = {isa = PBXBuildFile; fileRef = 7743DA76256A873B00D3291C /* NetworkManagerTests.swift */; };
		7743DA7C256A8F7500D3291C /* LoginViewModelTests.swift in Sources */ = {isa = PBXBuildFile; fileRef = 7743DA7B256A8F7500D3291C /* LoginViewModelTests.swift */; };
		7743DA81256A919300D3291C /* StringListViewModelTests.swift in Sources */ = {isa = PBXBuildFile; fileRef = 7743DA80256A919300D3291C /* StringListViewModelTests.swift */; };
		7743DA89256AA4C400D3291C /* StringListViewControllerTests.swift in Sources */ = {isa = PBXBuildFile; fileRef = 7743DA88256AA4C400D3291C /* StringListViewControllerTests.swift */; };
		77AA1D972569379600CC674E /* AppDelegate.swift in Sources */ = {isa = PBXBuildFile; fileRef = 77AA1D962569379600CC674E /* AppDelegate.swift */; };
		77AA1D992569379600CC674E /* SceneDelegate.swift in Sources */ = {isa = PBXBuildFile; fileRef = 77AA1D982569379600CC674E /* SceneDelegate.swift */; };
		77AA1D9E2569379600CC674E /* Main.storyboard in Resources */ = {isa = PBXBuildFile; fileRef = 77AA1D9C2569379600CC674E /* Main.storyboard */; };
		77AA1DA02569379B00CC674E /* Assets.xcassets in Resources */ = {isa = PBXBuildFile; fileRef = 77AA1D9F2569379B00CC674E /* Assets.xcassets */; };
		77AA1DA32569379B00CC674E /* LaunchScreen.storyboard in Resources */ = {isa = PBXBuildFile; fileRef = 77AA1DA12569379B00CC674E /* LaunchScreen.storyboard */; };
		77AA1DCE25693D0700CC674E /* LoginViewController.swift in Sources */ = {isa = PBXBuildFile; fileRef = 77AA1DCD25693D0700CC674E /* LoginViewController.swift */; };
		77AA1DD625693D2E00CC674E /* StringListViewController.swift in Sources */ = {isa = PBXBuildFile; fileRef = 77AA1DD525693D2E00CC674E /* StringListViewController.swift */; };
		77AA1DDB256944CB00CC674E /* LoginViewModel.swift in Sources */ = {isa = PBXBuildFile; fileRef = 77AA1DDA256944CB00CC674E /* LoginViewModel.swift */; };
		77AA1DE0256944E400CC674E /* StringListViewModel.swift in Sources */ = {isa = PBXBuildFile; fileRef = 77AA1DDF256944E400CC674E /* StringListViewModel.swift */; };
		77AA1DE5256944FB00CC674E /* StringList.swift in Sources */ = {isa = PBXBuildFile; fileRef = 77AA1DE4256944FB00CC674E /* StringList.swift */; };
		77AA1DED25694B2400CC674E /* NetworkManager.swift in Sources */ = {isa = PBXBuildFile; fileRef = 77AA1DEC25694B2400CC674E /* NetworkManager.swift */; };
		77AA1DF225694E3A00CC674E /* AppCoordinator.swift in Sources */ = {isa = PBXBuildFile; fileRef = 77AA1DF125694E3A00CC674E /* AppCoordinator.swift */; };
		77AA1E3A2569BC3500CC674E /* Constants.swift in Sources */ = {isa = PBXBuildFile; fileRef = 77AA1E392569BC3500CC674E /* Constants.swift */; };
		AB700BE7CFDD7FA3EF5B5787 /* Pods_MVVMTaskTests.framework in Frameworks */ = {isa = PBXBuildFile; fileRef = 96F1D6705B50D30EE1B1A876 /* Pods_MVVMTaskTests.framework */; };
		EA10BA1025C7347000472565 /* MVVMTaskUITests.swift in Sources */ = {isa = PBXBuildFile; fileRef = EA10BA0F25C7347000472565 /* MVVMTaskUITests.swift */; };
/* End PBXBuildFile section */

/* Begin PBXContainerItemProxy section */
		77AA1DAA2569379B00CC674E /* PBXContainerItemProxy */ = {
			isa = PBXContainerItemProxy;
			containerPortal = 77AA1D8B2569379600CC674E /* Project object */;
			proxyType = 1;
			remoteGlobalIDString = 77AA1D922569379600CC674E;
			remoteInfo = MVVMTask;
		};
		EA10BA1225C7347000472565 /* PBXContainerItemProxy */ = {
			isa = PBXContainerItemProxy;
			containerPortal = 77AA1D8B2569379600CC674E /* Project object */;
			proxyType = 1;
			remoteGlobalIDString = 77AA1D922569379600CC674E;
			remoteInfo = MVVMTask;
		};
/* End PBXContainerItemProxy section */

/* Begin PBXFileReference section */
		2BE4D9CE400ED23E97BF899E /* Pods-MVVMTaskTests.debug.xcconfig */ = {isa = PBXFileReference; includeInIndex = 1; lastKnownFileType = text.xcconfig; name = "Pods-MVVMTaskTests.debug.xcconfig"; path = "Target Support Files/Pods-MVVMTaskTests/Pods-MVVMTaskTests.debug.xcconfig"; sourceTree = "<group>"; };
		4D31CF5EB3C2EFDF7D5B7631 /* Pods-MVVMTask.release.xcconfig */ = {isa = PBXFileReference; includeInIndex = 1; lastKnownFileType = text.xcconfig; name = "Pods-MVVMTask.release.xcconfig"; path = "Target Support Files/Pods-MVVMTask/Pods-MVVMTask.release.xcconfig"; sourceTree = "<group>"; };
		7743DA76256A873B00D3291C /* NetworkManagerTests.swift */ = {isa = PBXFileReference; lastKnownFileType = sourcecode.swift; path = NetworkManagerTests.swift; sourceTree = "<group>"; };
		7743DA7B256A8F7500D3291C /* LoginViewModelTests.swift */ = {isa = PBXFileReference; lastKnownFileType = sourcecode.swift; path = LoginViewModelTests.swift; sourceTree = "<group>"; };
		7743DA80256A919300D3291C /* StringListViewModelTests.swift */ = {isa = PBXFileReference; lastKnownFileType = sourcecode.swift; path = StringListViewModelTests.swift; sourceTree = "<group>"; };
		7743DA88256AA4C400D3291C /* StringListViewControllerTests.swift */ = {isa = PBXFileReference; lastKnownFileType = sourcecode.swift; path = StringListViewControllerTests.swift; sourceTree = "<group>"; };
		77AA1D932569379600CC674E /* MVVMTask.app */ = {isa = PBXFileReference; explicitFileType = wrapper.application; includeInIndex = 0; path = MVVMTask.app; sourceTree = BUILT_PRODUCTS_DIR; };
		77AA1D962569379600CC674E /* AppDelegate.swift */ = {isa = PBXFileReference; lastKnownFileType = sourcecode.swift; path = AppDelegate.swift; sourceTree = "<group>"; };
		77AA1D982569379600CC674E /* SceneDelegate.swift */ = {isa = PBXFileReference; lastKnownFileType = sourcecode.swift; path = SceneDelegate.swift; sourceTree = "<group>"; };
		77AA1D9D2569379600CC674E /* Base */ = {isa = PBXFileReference; lastKnownFileType = file.storyboard; name = Base; path = Base.lproj/Main.storyboard; sourceTree = "<group>"; };
		77AA1D9F2569379B00CC674E /* Assets.xcassets */ = {isa = PBXFileReference; lastKnownFileType = folder.assetcatalog; path = Assets.xcassets; sourceTree = "<group>"; };
		77AA1DA22569379B00CC674E /* Base */ = {isa = PBXFileReference; lastKnownFileType = file.storyboard; name = Base; path = Base.lproj/LaunchScreen.storyboard; sourceTree = "<group>"; };
		77AA1DA42569379B00CC674E /* Info.plist */ = {isa = PBXFileReference; lastKnownFileType = text.plist.xml; path = Info.plist; sourceTree = "<group>"; };
		77AA1DA92569379B00CC674E /* MVVMTaskTests.xctest */ = {isa = PBXFileReference; explicitFileType = wrapper.cfbundle; includeInIndex = 0; path = MVVMTaskTests.xctest; sourceTree = BUILT_PRODUCTS_DIR; };
		77AA1DAF2569379B00CC674E /* Info.plist */ = {isa = PBXFileReference; lastKnownFileType = text.plist.xml; path = Info.plist; sourceTree = "<group>"; };
		77AA1DCD25693D0700CC674E /* LoginViewController.swift */ = {isa = PBXFileReference; lastKnownFileType = sourcecode.swift; path = LoginViewController.swift; sourceTree = "<group>"; };
		77AA1DD525693D2E00CC674E /* StringListViewController.swift */ = {isa = PBXFileReference; lastKnownFileType = sourcecode.swift; path = StringListViewController.swift; sourceTree = "<group>"; };
		77AA1DDA256944CB00CC674E /* LoginViewModel.swift */ = {isa = PBXFileReference; lastKnownFileType = sourcecode.swift; path = LoginViewModel.swift; sourceTree = "<group>"; };
		77AA1DDF256944E400CC674E /* StringListViewModel.swift */ = {isa = PBXFileReference; lastKnownFileType = sourcecode.swift; path = StringListViewModel.swift; sourceTree = "<group>"; };
		77AA1DE4256944FB00CC674E /* StringList.swift */ = {isa = PBXFileReference; lastKnownFileType = sourcecode.swift; path = StringList.swift; sourceTree = "<group>"; };
		77AA1DEC25694B2400CC674E /* NetworkManager.swift */ = {isa = PBXFileReference; lastKnownFileType = sourcecode.swift; path = NetworkManager.swift; sourceTree = "<group>"; };
		77AA1DF125694E3A00CC674E /* AppCoordinator.swift */ = {isa = PBXFileReference; lastKnownFileType = sourcecode.swift; path = AppCoordinator.swift; sourceTree = "<group>"; };
		77AA1E392569BC3500CC674E /* Constants.swift */ = {isa = PBXFileReference; lastKnownFileType = sourcecode.swift; path = Constants.swift; sourceTree = "<group>"; };
		8A695FBC6023275A9E6993CF /* Pods-MVVMTask.debug.xcconfig */ = {isa = PBXFileReference; includeInIndex = 1; lastKnownFileType = text.xcconfig; name = "Pods-MVVMTask.debug.xcconfig"; path = "Target Support Files/Pods-MVVMTask/Pods-MVVMTask.debug.xcconfig"; sourceTree = "<group>"; };
		96F1D6705B50D30EE1B1A876 /* Pods_MVVMTaskTests.framework */ = {isa = PBXFileReference; explicitFileType = wrapper.framework; includeInIndex = 0; path = Pods_MVVMTaskTests.framework; sourceTree = BUILT_PRODUCTS_DIR; };
		A3F851BF03AC56AF794190E7 /* Pods-MVVMTaskTests.release.xcconfig */ = {isa = PBXFileReference; includeInIndex = 1; lastKnownFileType = text.xcconfig; name = "Pods-MVVMTaskTests.release.xcconfig"; path = "Target Support Files/Pods-MVVMTaskTests/Pods-MVVMTaskTests.release.xcconfig"; sourceTree = "<group>"; };
		B34021106CF509E0B2B9E469 /* Pods_MVVMTask.framework */ = {isa = PBXFileReference; explicitFileType = wrapper.framework; includeInIndex = 0; path = Pods_MVVMTask.framework; sourceTree = BUILT_PRODUCTS_DIR; };
		EA10BA0D25C7347000472565 /* MVVMTaskUITests.xctest */ = {isa = PBXFileReference; explicitFileType = wrapper.cfbundle; includeInIndex = 0; path = MVVMTaskUITests.xctest; sourceTree = BUILT_PRODUCTS_DIR; };
		EA10BA0F25C7347000472565 /* MVVMTaskUITests.swift */ = {isa = PBXFileReference; lastKnownFileType = sourcecode.swift; path = MVVMTaskUITests.swift; sourceTree = "<group>"; };
		EA10BA1125C7347000472565 /* Info.plist */ = {isa = PBXFileReference; lastKnownFileType = text.plist.xml; path = Info.plist; sourceTree = "<group>"; };
/* End PBXFileReference section */

/* Begin PBXFrameworksBuildPhase section */
		77AA1D902569379600CC674E /* Frameworks */ = {
			isa = PBXFrameworksBuildPhase;
			buildActionMask = 2147483647;
			files = (
				4CF75C6F5239ED4903A9DADE /* Pods_MVVMTask.framework in Frameworks */,
			);
			runOnlyForDeploymentPostprocessing = 0;
		};
		77AA1DA62569379B00CC674E /* Frameworks */ = {
			isa = PBXFrameworksBuildPhase;
			buildActionMask = 2147483647;
			files = (
				AB700BE7CFDD7FA3EF5B5787 /* Pods_MVVMTaskTests.framework in Frameworks */,
			);
			runOnlyForDeploymentPostprocessing = 0;
		};
		EA10BA0A25C7347000472565 /* Frameworks */ = {
			isa = PBXFrameworksBuildPhase;
			buildActionMask = 2147483647;
			files = (
			);
			runOnlyForDeploymentPostprocessing = 0;
		};
/* End PBXFrameworksBuildPhase section */

/* Begin PBXGroup section */
		40E36492EC044A8A5BF10404 /* Frameworks */ = {
			isa = PBXGroup;
			children = (
				B34021106CF509E0B2B9E469 /* Pods_MVVMTask.framework */,
				96F1D6705B50D30EE1B1A876 /* Pods_MVVMTaskTests.framework */,
			);
			name = Frameworks;
			sourceTree = "<group>";
		};
		77AA1D8A2569379600CC674E = {
			isa = PBXGroup;
			children = (
				77AA1D952569379600CC674E /* MVVMTask */,
				77AA1DAC2569379B00CC674E /* MVVMTaskTests */,
				EA10BA0E25C7347000472565 /* MVVMTaskUITests */,
				77AA1D942569379600CC674E /* Products */,
				94BE60D8940E6B481BCA8B4A /* Pods */,
				40E36492EC044A8A5BF10404 /* Frameworks */,
			);
			sourceTree = "<group>";
		};
		77AA1D942569379600CC674E /* Products */ = {
			isa = PBXGroup;
			children = (
				77AA1D932569379600CC674E /* MVVMTask.app */,
				77AA1DA92569379B00CC674E /* MVVMTaskTests.xctest */,
				EA10BA0D25C7347000472565 /* MVVMTaskUITests.xctest */,
			);
			name = Products;
			sourceTree = "<group>";
		};
		77AA1D952569379600CC674E /* MVVMTask */ = {
			isa = PBXGroup;
			children = (
				77AA1E352569BAA400CC674E /* Services */,
				77AA1DCC25693CE200CC674E /* Coordinator */,
				77AA1DCB25693CD300CC674E /* View */,
				77AA1DCA25693CC400CC674E /* ViewModel */,
				77AA1DC925693CB300CC674E /* Model */,
				77AA1D962569379600CC674E /* AppDelegate.swift */,
				77AA1D982569379600CC674E /* SceneDelegate.swift */,
				77AA1D9C2569379600CC674E /* Main.storyboard */,
				77AA1D9F2569379B00CC674E /* Assets.xcassets */,
				77AA1DA12569379B00CC674E /* LaunchScreen.storyboard */,
				77AA1DA42569379B00CC674E /* Info.plist */,
			);
			path = MVVMTask;
			sourceTree = "<group>";
		};
		77AA1DAC2569379B00CC674E /* MVVMTaskTests */ = {
			isa = PBXGroup;
			children = (
				77AA1DAF2569379B00CC674E /* Info.plist */,
				7743DA76256A873B00D3291C /* NetworkManagerTests.swift */,
				7743DA7B256A8F7500D3291C /* LoginViewModelTests.swift */,
				7743DA80256A919300D3291C /* StringListViewModelTests.swift */,
				7743DA88256AA4C400D3291C /* StringListViewControllerTests.swift */,
			);
			path = MVVMTaskTests;
			sourceTree = "<group>";
		};
		77AA1DC925693CB300CC674E /* Model */ = {
			isa = PBXGroup;
			children = (
				77AA1DE4256944FB00CC674E /* StringList.swift */,
				77AA1E392569BC3500CC674E /* Constants.swift */,
			);
			path = Model;
			sourceTree = "<group>";
		};
		77AA1DCA25693CC400CC674E /* ViewModel */ = {
			isa = PBXGroup;
			children = (
				77AA1DDA256944CB00CC674E /* LoginViewModel.swift */,
				77AA1DDF256944E400CC674E /* StringListViewModel.swift */,
			);
			path = ViewModel;
			sourceTree = "<group>";
		};
		77AA1DCB25693CD300CC674E /* View */ = {
			isa = PBXGroup;
			children = (
				77AA1DCD25693D0700CC674E /* LoginViewController.swift */,
				77AA1DD525693D2E00CC674E /* StringListViewController.swift */,
			);
			path = View;
			sourceTree = "<group>";
		};
		77AA1DCC25693CE200CC674E /* Coordinator */ = {
			isa = PBXGroup;
			children = (
				77AA1DF125694E3A00CC674E /* AppCoordinator.swift */,
			);
			path = Coordinator;
			sourceTree = "<group>";
		};
		77AA1E352569BAA400CC674E /* Services */ = {
			isa = PBXGroup;
			children = (
				77AA1DEC25694B2400CC674E /* NetworkManager.swift */,
			);
			path = Services;
			sourceTree = "<group>";
		};
		94BE60D8940E6B481BCA8B4A /* Pods */ = {
			isa = PBXGroup;
			children = (
				8A695FBC6023275A9E6993CF /* Pods-MVVMTask.debug.xcconfig */,
				4D31CF5EB3C2EFDF7D5B7631 /* Pods-MVVMTask.release.xcconfig */,
				2BE4D9CE400ED23E97BF899E /* Pods-MVVMTaskTests.debug.xcconfig */,
				A3F851BF03AC56AF794190E7 /* Pods-MVVMTaskTests.release.xcconfig */,
			);
			path = Pods;
			sourceTree = "<group>";
		};
		EA10BA0E25C7347000472565 /* MVVMTaskUITests */ = {
			isa = PBXGroup;
			children = (
				EA10BA0F25C7347000472565 /* MVVMTaskUITests.swift */,
				EA10BA1125C7347000472565 /* Info.plist */,
			);
			path = MVVMTaskUITests;
			sourceTree = "<group>";
		};
/* End PBXGroup section */

/* Begin PBXNativeTarget section */
		77AA1D922569379600CC674E /* MVVMTask */ = {
			isa = PBXNativeTarget;
			buildConfigurationList = 77AA1DBD2569379B00CC674E /* Build configuration list for PBXNativeTarget "MVVMTask" */;
			buildPhases = (
				DE5DABBCD8396971D1B15645 /* [CP] Check Pods Manifest.lock */,
				77AA1D8F2569379600CC674E /* Sources */,
				77AA1D902569379600CC674E /* Frameworks */,
				77AA1D912569379600CC674E /* Resources */,
				773E321925C19BD900D83AB7 /* ShellScript */,
			);
			buildRules = (
			);
			dependencies = (
			);
			name = MVVMTask;
			productName = MVVMTask;
			productReference = 77AA1D932569379600CC674E /* MVVMTask.app */;
			productType = "com.apple.product-type.application";
		};
		77AA1DA82569379B00CC674E /* MVVMTaskTests */ = {
			isa = PBXNativeTarget;
			buildConfigurationList = 77AA1DC02569379B00CC674E /* Build configuration list for PBXNativeTarget "MVVMTaskTests" */;
			buildPhases = (
				FF97EA2EE702F4FE1C0EB792 /* [CP] Check Pods Manifest.lock */,
				77AA1DA52569379B00CC674E /* Sources */,
				77AA1DA62569379B00CC674E /* Frameworks */,
				77AA1DA72569379B00CC674E /* Resources */,
			);
			buildRules = (
			);
			dependencies = (
				77AA1DAB2569379B00CC674E /* PBXTargetDependency */,
			);
			name = MVVMTaskTests;
			productName = MVVMTaskTests;
			productReference = 77AA1DA92569379B00CC674E /* MVVMTaskTests.xctest */;
			productType = "com.apple.product-type.bundle.unit-test";
		};
		EA10BA0C25C7347000472565 /* MVVMTaskUITests */ = {
			isa = PBXNativeTarget;
			buildConfigurationList = EA10BA1625C7347000472565 /* Build configuration list for PBXNativeTarget "MVVMTaskUITests" */;
			buildPhases = (
				EA10BA0925C7347000472565 /* Sources */,
				EA10BA0A25C7347000472565 /* Frameworks */,
				EA10BA0B25C7347000472565 /* Resources */,
			);
			buildRules = (
			);
			dependencies = (
				EA10BA1325C7347000472565 /* PBXTargetDependency */,
			);
			name = MVVMTaskUITests;
			productName = MVVMTaskUITests;
			productReference = EA10BA0D25C7347000472565 /* MVVMTaskUITests.xctest */;
			productType = "com.apple.product-type.bundle.ui-testing";
		};
/* End PBXNativeTarget section */

/* Begin PBXProject section */
		77AA1D8B2569379600CC674E /* Project object */ = {
			isa = PBXProject;
			attributes = {
				LastSwiftUpdateCheck = 1230;
				LastUpgradeCheck = 1200;
				TargetAttributes = {
					77AA1D922569379600CC674E = {
						CreatedOnToolsVersion = 12.0.1;
					};
					77AA1DA82569379B00CC674E = {
						CreatedOnToolsVersion = 12.0.1;
						TestTargetID = 77AA1D922569379600CC674E;
					};
					EA10BA0C25C7347000472565 = {
						CreatedOnToolsVersion = 12.3;
						TestTargetID = 77AA1D922569379600CC674E;
					};
				};
			};
			buildConfigurationList = 77AA1D8E2569379600CC674E /* Build configuration list for PBXProject "MVVMTask" */;
			compatibilityVersion = "Xcode 9.3";
			developmentRegion = en;
			hasScannedForEncodings = 0;
			knownRegions = (
				en,
				Base,
			);
			mainGroup = 77AA1D8A2569379600CC674E;
			productRefGroup = 77AA1D942569379600CC674E /* Products */;
			projectDirPath = "";
			projectRoot = "";
			targets = (
				77AA1D922569379600CC674E /* MVVMTask */,
				77AA1DA82569379B00CC674E /* MVVMTaskTests */,
				EA10BA0C25C7347000472565 /* MVVMTaskUITests */,
			);
		};
/* End PBXProject section */

/* Begin PBXResourcesBuildPhase section */
		77AA1D912569379600CC674E /* Resources */ = {
			isa = PBXResourcesBuildPhase;
			buildActionMask = 2147483647;
			files = (
				77AA1DA32569379B00CC674E /* LaunchScreen.storyboard in Resources */,
				77AA1DA02569379B00CC674E /* Assets.xcassets in Resources */,
				77AA1D9E2569379600CC674E /* Main.storyboard in Resources */,
			);
			runOnlyForDeploymentPostprocessing = 0;
		};
		77AA1DA72569379B00CC674E /* Resources */ = {
			isa = PBXResourcesBuildPhase;
			buildActionMask = 2147483647;
			files = (
			);
			runOnlyForDeploymentPostprocessing = 0;
		};
		EA10BA0B25C7347000472565 /* Resources */ = {
			isa = PBXResourcesBuildPhase;
			buildActionMask = 2147483647;
			files = (
			);
			runOnlyForDeploymentPostprocessing = 0;
		};
/* End PBXResourcesBuildPhase section */

/* Begin PBXShellScriptBuildPhase section */
		773E321925C19BD900D83AB7 /* ShellScript */ = {
			isa = PBXShellScriptBuildPhase;
			buildActionMask = 2147483647;
			files = (
			);
			inputFileListPaths = (
			);
			inputPaths = (
			);
			outputFileListPaths = (
			);
			outputPaths = (
			);
			runOnlyForDeploymentPostprocessing = 0;
			shellPath = /bin/sh;
			shellScript = "${PODS_ROOT}/SwiftLint/swiftlint\n";
		};
		DE5DABBCD8396971D1B15645 /* [CP] Check Pods Manifest.lock */ = {
			isa = PBXShellScriptBuildPhase;
			buildActionMask = 2147483647;
			files = (
			);
			inputFileListPaths = (
			);
			inputPaths = (
				"${PODS_PODFILE_DIR_PATH}/Podfile.lock",
				"${PODS_ROOT}/Manifest.lock",
			);
			name = "[CP] Check Pods Manifest.lock";
			outputFileListPaths = (
			);
			outputPaths = (
				"$(DERIVED_FILE_DIR)/Pods-MVVMTask-checkManifestLockResult.txt",
			);
			runOnlyForDeploymentPostprocessing = 0;
			shellPath = /bin/sh;
			shellScript = "diff \"${PODS_PODFILE_DIR_PATH}/Podfile.lock\" \"${PODS_ROOT}/Manifest.lock\" > /dev/null\nif [ $? != 0 ] ; then\n    # print error to STDERR\n    echo \"error: The sandbox is not in sync with the Podfile.lock. Run 'pod install' or update your CocoaPods installation.\" >&2\n    exit 1\nfi\n# This output is used by Xcode 'outputs' to avoid re-running this script phase.\necho \"SUCCESS\" > \"${SCRIPT_OUTPUT_FILE_0}\"\n";
			showEnvVarsInLog = 0;
		};
		FF97EA2EE702F4FE1C0EB792 /* [CP] Check Pods Manifest.lock */ = {
			isa = PBXShellScriptBuildPhase;
			buildActionMask = 2147483647;
			files = (
			);
			inputFileListPaths = (
			);
			inputPaths = (
				"${PODS_PODFILE_DIR_PATH}/Podfile.lock",
				"${PODS_ROOT}/Manifest.lock",
			);
			name = "[CP] Check Pods Manifest.lock";
			outputFileListPaths = (
			);
			outputPaths = (
				"$(DERIVED_FILE_DIR)/Pods-MVVMTaskTests-checkManifestLockResult.txt",
			);
			runOnlyForDeploymentPostprocessing = 0;
			shellPath = /bin/sh;
			shellScript = "diff \"${PODS_PODFILE_DIR_PATH}/Podfile.lock\" \"${PODS_ROOT}/Manifest.lock\" > /dev/null\nif [ $? != 0 ] ; then\n    # print error to STDERR\n    echo \"error: The sandbox is not in sync with the Podfile.lock. Run 'pod install' or update your CocoaPods installation.\" >&2\n    exit 1\nfi\n# This output is used by Xcode 'outputs' to avoid re-running this script phase.\necho \"SUCCESS\" > \"${SCRIPT_OUTPUT_FILE_0}\"\n";
			showEnvVarsInLog = 0;
		};
/* End PBXShellScriptBuildPhase section */

/* Begin PBXSourcesBuildPhase section */
		77AA1D8F2569379600CC674E /* Sources */ = {
			isa = PBXSourcesBuildPhase;
			buildActionMask = 2147483647;
			files = (
				77AA1DED25694B2400CC674E /* NetworkManager.swift in Sources */,
				77AA1DCE25693D0700CC674E /* LoginViewController.swift in Sources */,
				77AA1DF225694E3A00CC674E /* AppCoordinator.swift in Sources */,
				77AA1DDB256944CB00CC674E /* LoginViewModel.swift in Sources */,
				77AA1DD625693D2E00CC674E /* StringListViewController.swift in Sources */,
				77AA1E3A2569BC3500CC674E /* Constants.swift in Sources */,
				77AA1D972569379600CC674E /* AppDelegate.swift in Sources */,
				77AA1DE0256944E400CC674E /* StringListViewModel.swift in Sources */,
				77AA1DE5256944FB00CC674E /* StringList.swift in Sources */,
				77AA1D992569379600CC674E /* SceneDelegate.swift in Sources */,
			);
			runOnlyForDeploymentPostprocessing = 0;
		};
		77AA1DA52569379B00CC674E /* Sources */ = {
			isa = PBXSourcesBuildPhase;
			buildActionMask = 2147483647;
			files = (
				7743DA7C256A8F7500D3291C /* LoginViewModelTests.swift in Sources */,
				7743DA77256A873B00D3291C /* NetworkManagerTests.swift in Sources */,
				7743DA81256A919300D3291C /* StringListViewModelTests.swift in Sources */,
				7743DA89256AA4C400D3291C /* StringListViewControllerTests.swift in Sources */,
			);
			runOnlyForDeploymentPostprocessing = 0;
		};
		EA10BA0925C7347000472565 /* Sources */ = {
			isa = PBXSourcesBuildPhase;
			buildActionMask = 2147483647;
			files = (
				EA10BA1025C7347000472565 /* MVVMTaskUITests.swift in Sources */,
			);
			runOnlyForDeploymentPostprocessing = 0;
		};
/* End PBXSourcesBuildPhase section */

/* Begin PBXTargetDependency section */
		77AA1DAB2569379B00CC674E /* PBXTargetDependency */ = {
			isa = PBXTargetDependency;
			target = 77AA1D922569379600CC674E /* MVVMTask */;
			targetProxy = 77AA1DAA2569379B00CC674E /* PBXContainerItemProxy */;
		};
		EA10BA1325C7347000472565 /* PBXTargetDependency */ = {
			isa = PBXTargetDependency;
			target = 77AA1D922569379600CC674E /* MVVMTask */;
			targetProxy = EA10BA1225C7347000472565 /* PBXContainerItemProxy */;
		};
/* End PBXTargetDependency section */

/* Begin PBXVariantGroup section */
		77AA1D9C2569379600CC674E /* Main.storyboard */ = {
			isa = PBXVariantGroup;
			children = (
				77AA1D9D2569379600CC674E /* Base */,
			);
			name = Main.storyboard;
			sourceTree = "<group>";
		};
		77AA1DA12569379B00CC674E /* LaunchScreen.storyboard */ = {
			isa = PBXVariantGroup;
			children = (
				77AA1DA22569379B00CC674E /* Base */,
			);
			name = LaunchScreen.storyboard;
			sourceTree = "<group>";
		};
/* End PBXVariantGroup section */

/* Begin XCBuildConfiguration section */
		77AA1DBB2569379B00CC674E /* Debug */ = {
			isa = XCBuildConfiguration;
			buildSettings = {
				ALWAYS_SEARCH_USER_PATHS = NO;
				CLANG_ANALYZER_NONNULL = YES;
				CLANG_ANALYZER_NUMBER_OBJECT_CONVERSION = YES_AGGRESSIVE;
				CLANG_CXX_LANGUAGE_STANDARD = "gnu++14";
				CLANG_CXX_LIBRARY = "libc++";
				CLANG_ENABLE_MODULES = YES;
				CLANG_ENABLE_OBJC_ARC = YES;
				CLANG_ENABLE_OBJC_WEAK = YES;
				CLANG_WARN_BLOCK_CAPTURE_AUTORELEASING = YES;
				CLANG_WARN_BOOL_CONVERSION = YES;
				CLANG_WARN_COMMA = YES;
				CLANG_WARN_CONSTANT_CONVERSION = YES;
				CLANG_WARN_DEPRECATED_OBJC_IMPLEMENTATIONS = YES;
				CLANG_WARN_DIRECT_OBJC_ISA_USAGE = YES_ERROR;
				CLANG_WARN_DOCUMENTATION_COMMENTS = YES;
				CLANG_WARN_EMPTY_BODY = YES;
				CLANG_WARN_ENUM_CONVERSION = YES;
				CLANG_WARN_INFINITE_RECURSION = YES;
				CLANG_WARN_INT_CONVERSION = YES;
				CLANG_WARN_NON_LITERAL_NULL_CONVERSION = YES;
				CLANG_WARN_OBJC_IMPLICIT_RETAIN_SELF = YES;
				CLANG_WARN_OBJC_LITERAL_CONVERSION = YES;
				CLANG_WARN_OBJC_ROOT_CLASS = YES_ERROR;
				CLANG_WARN_QUOTED_INCLUDE_IN_FRAMEWORK_HEADER = YES;
				CLANG_WARN_RANGE_LOOP_ANALYSIS = YES;
				CLANG_WARN_STRICT_PROTOTYPES = YES;
				CLANG_WARN_SUSPICIOUS_MOVE = YES;
				CLANG_WARN_UNGUARDED_AVAILABILITY = YES_AGGRESSIVE;
				CLANG_WARN_UNREACHABLE_CODE = YES;
				CLANG_WARN__DUPLICATE_METHOD_MATCH = YES;
				COPY_PHASE_STRIP = NO;
				DEBUG_INFORMATION_FORMAT = dwarf;
				ENABLE_STRICT_OBJC_MSGSEND = YES;
				ENABLE_TESTABILITY = YES;
				GCC_C_LANGUAGE_STANDARD = gnu11;
				GCC_DYNAMIC_NO_PIC = NO;
				GCC_NO_COMMON_BLOCKS = YES;
				GCC_OPTIMIZATION_LEVEL = 0;
				GCC_PREPROCESSOR_DEFINITIONS = (
					"DEBUG=1",
					"$(inherited)",
				);
				GCC_WARN_64_TO_32_BIT_CONVERSION = YES;
				GCC_WARN_ABOUT_RETURN_TYPE = YES_ERROR;
				GCC_WARN_UNDECLARED_SELECTOR = YES;
				GCC_WARN_UNINITIALIZED_AUTOS = YES_AGGRESSIVE;
				GCC_WARN_UNUSED_FUNCTION = YES;
				GCC_WARN_UNUSED_VARIABLE = YES;
				IPHONEOS_DEPLOYMENT_TARGET = 14.0;
				MTL_ENABLE_DEBUG_INFO = INCLUDE_SOURCE;
				MTL_FAST_MATH = YES;
				ONLY_ACTIVE_ARCH = YES;
				SDKROOT = iphoneos;
				SWIFT_ACTIVE_COMPILATION_CONDITIONS = DEBUG;
				SWIFT_OPTIMIZATION_LEVEL = "-Onone";
			};
			name = Debug;
		};
		77AA1DBC2569379B00CC674E /* Release */ = {
			isa = XCBuildConfiguration;
			buildSettings = {
				ALWAYS_SEARCH_USER_PATHS = NO;
				CLANG_ANALYZER_NONNULL = YES;
				CLANG_ANALYZER_NUMBER_OBJECT_CONVERSION = YES_AGGRESSIVE;
				CLANG_CXX_LANGUAGE_STANDARD = "gnu++14";
				CLANG_CXX_LIBRARY = "libc++";
				CLANG_ENABLE_MODULES = YES;
				CLANG_ENABLE_OBJC_ARC = YES;
				CLANG_ENABLE_OBJC_WEAK = YES;
				CLANG_WARN_BLOCK_CAPTURE_AUTORELEASING = YES;
				CLANG_WARN_BOOL_CONVERSION = YES;
				CLANG_WARN_COMMA = YES;
				CLANG_WARN_CONSTANT_CONVERSION = YES;
				CLANG_WARN_DEPRECATED_OBJC_IMPLEMENTATIONS = YES;
				CLANG_WARN_DIRECT_OBJC_ISA_USAGE = YES_ERROR;
				CLANG_WARN_DOCUMENTATION_COMMENTS = YES;
				CLANG_WARN_EMPTY_BODY = YES;
				CLANG_WARN_ENUM_CONVERSION = YES;
				CLANG_WARN_INFINITE_RECURSION = YES;
				CLANG_WARN_INT_CONVERSION = YES;
				CLANG_WARN_NON_LITERAL_NULL_CONVERSION = YES;
				CLANG_WARN_OBJC_IMPLICIT_RETAIN_SELF = YES;
				CLANG_WARN_OBJC_LITERAL_CONVERSION = YES;
				CLANG_WARN_OBJC_ROOT_CLASS = YES_ERROR;
				CLANG_WARN_QUOTED_INCLUDE_IN_FRAMEWORK_HEADER = YES;
				CLANG_WARN_RANGE_LOOP_ANALYSIS = YES;
				CLANG_WARN_STRICT_PROTOTYPES = YES;
				CLANG_WARN_SUSPICIOUS_MOVE = YES;
				CLANG_WARN_UNGUARDED_AVAILABILITY = YES_AGGRESSIVE;
				CLANG_WARN_UNREACHABLE_CODE = YES;
				CLANG_WARN__DUPLICATE_METHOD_MATCH = YES;
				COPY_PHASE_STRIP = NO;
				DEBUG_INFORMATION_FORMAT = "dwarf-with-dsym";
				ENABLE_NS_ASSERTIONS = NO;
				ENABLE_STRICT_OBJC_MSGSEND = YES;
				GCC_C_LANGUAGE_STANDARD = gnu11;
				GCC_NO_COMMON_BLOCKS = YES;
				GCC_WARN_64_TO_32_BIT_CONVERSION = YES;
				GCC_WARN_ABOUT_RETURN_TYPE = YES_ERROR;
				GCC_WARN_UNDECLARED_SELECTOR = YES;
				GCC_WARN_UNINITIALIZED_AUTOS = YES_AGGRESSIVE;
				GCC_WARN_UNUSED_FUNCTION = YES;
				GCC_WARN_UNUSED_VARIABLE = YES;
				IPHONEOS_DEPLOYMENT_TARGET = 14.0;
				MTL_ENABLE_DEBUG_INFO = NO;
				MTL_FAST_MATH = YES;
				SDKROOT = iphoneos;
				SWIFT_COMPILATION_MODE = wholemodule;
				SWIFT_OPTIMIZATION_LEVEL = "-O";
				VALIDATE_PRODUCT = YES;
			};
			name = Release;
		};
		77AA1DBE2569379B00CC674E /* Debug */ = {
			isa = XCBuildConfiguration;
			baseConfigurationReference = 8A695FBC6023275A9E6993CF /* Pods-MVVMTask.debug.xcconfig */;
			buildSettings = {
				ASSETCATALOG_COMPILER_APPICON_NAME = AppIcon;
				ASSETCATALOG_COMPILER_GLOBAL_ACCENT_COLOR_NAME = AccentColor;
				CODE_SIGN_STYLE = Automatic;
				INFOPLIST_FILE = MVVMTask/Info.plist;
				LD_RUNPATH_SEARCH_PATHS = (
					"$(inherited)",
					"@executable_path/Frameworks",
				);
				PRODUCT_BUNDLE_IDENTIFIER = iOSCourse.MVVMTask;
				PRODUCT_NAME = "$(TARGET_NAME)";
				SWIFT_VERSION = 5.0;
				TARGETED_DEVICE_FAMILY = "1,2";
			};
			name = Debug;
		};
		77AA1DBF2569379B00CC674E /* Release */ = {
			isa = XCBuildConfiguration;
			baseConfigurationReference = 4D31CF5EB3C2EFDF7D5B7631 /* Pods-MVVMTask.release.xcconfig */;
			buildSettings = {
				ASSETCATALOG_COMPILER_APPICON_NAME = AppIcon;
				ASSETCATALOG_COMPILER_GLOBAL_ACCENT_COLOR_NAME = AccentColor;
				CODE_SIGN_STYLE = Automatic;
				INFOPLIST_FILE = MVVMTask/Info.plist;
				LD_RUNPATH_SEARCH_PATHS = (
					"$(inherited)",
					"@executable_path/Frameworks",
				);
				PRODUCT_BUNDLE_IDENTIFIER = iOSCourse.MVVMTask;
				PRODUCT_NAME = "$(TARGET_NAME)";
				SWIFT_VERSION = 5.0;
				TARGETED_DEVICE_FAMILY = "1,2";
			};
			name = Release;
		};
		77AA1DC12569379B00CC674E /* Debug */ = {
			isa = XCBuildConfiguration;
			baseConfigurationReference = 2BE4D9CE400ED23E97BF899E /* Pods-MVVMTaskTests.debug.xcconfig */;
			buildSettings = {
				ALWAYS_EMBED_SWIFT_STANDARD_LIBRARIES = YES;
				BUNDLE_LOADER = "$(TEST_HOST)";
				CODE_SIGN_STYLE = Automatic;
				INFOPLIST_FILE = MVVMTaskTests/Info.plist;
				IPHONEOS_DEPLOYMENT_TARGET = 14.0;
				LD_RUNPATH_SEARCH_PATHS = (
					"$(inherited)",
					"@executable_path/Frameworks",
					"@loader_path/Frameworks",
				);
				PRODUCT_BUNDLE_IDENTIFIER = iOSCourse.MVVMTaskTests;
				PRODUCT_NAME = "$(TARGET_NAME)";
				SWIFT_VERSION = 5.0;
				TARGETED_DEVICE_FAMILY = "1,2";
				TEST_HOST = "$(BUILT_PRODUCTS_DIR)/MVVMTask.app/MVVMTask";
			};
			name = Debug;
		};
		77AA1DC22569379B00CC674E /* Release */ = {
			isa = XCBuildConfiguration;
			baseConfigurationReference = A3F851BF03AC56AF794190E7 /* Pods-MVVMTaskTests.release.xcconfig */;
			buildSettings = {
				ALWAYS_EMBED_SWIFT_STANDARD_LIBRARIES = YES;
				BUNDLE_LOADER = "$(TEST_HOST)";
				CODE_SIGN_STYLE = Automatic;
				INFOPLIST_FILE = MVVMTaskTests/Info.plist;
				IPHONEOS_DEPLOYMENT_TARGET = 14.0;
				LD_RUNPATH_SEARCH_PATHS = (
					"$(inherited)",
					"@executable_path/Frameworks",
					"@loader_path/Frameworks",
				);
				PRODUCT_BUNDLE_IDENTIFIER = iOSCourse.MVVMTaskTests;
				PRODUCT_NAME = "$(TARGET_NAME)";
				SWIFT_VERSION = 5.0;
				TARGETED_DEVICE_FAMILY = "1,2";
				TEST_HOST = "$(BUILT_PRODUCTS_DIR)/MVVMTask.app/MVVMTask";
			};
			name = Release;
		};
		EA10BA1425C7347000472565 /* Debug */ = {
			isa = XCBuildConfiguration;
			buildSettings = {
				CODE_SIGN_STYLE = Automatic;
				INFOPLIST_FILE = MVVMTaskUITests/Info.plist;
				IPHONEOS_DEPLOYMENT_TARGET = 14.3;
				LD_RUNPATH_SEARCH_PATHS = (
					"$(inherited)",
					"@executable_path/Frameworks",
					"@loader_path/Frameworks",
				);
				PRODUCT_BUNDLE_IDENTIFIER = iOSCourse.MVVMTaskUITests;
				PRODUCT_NAME = "$(TARGET_NAME)";
				SWIFT_VERSION = 5.0;
				TARGETED_DEVICE_FAMILY = "1,2";
				TEST_TARGET_NAME = MVVMTask;
			};
			name = Debug;
		};
		EA10BA1525C7347000472565 /* Release */ = {
			isa = XCBuildConfiguration;
			buildSettings = {
				CODE_SIGN_STYLE = Automatic;
				INFOPLIST_FILE = MVVMTaskUITests/Info.plist;
				IPHONEOS_DEPLOYMENT_TARGET = 14.3;
				LD_RUNPATH_SEARCH_PATHS = (
					"$(inherited)",
					"@executable_path/Frameworks",
					"@loader_path/Frameworks",
				);
				PRODUCT_BUNDLE_IDENTIFIER = iOSCourse.MVVMTaskUITests;
				PRODUCT_NAME = "$(TARGET_NAME)";
				SWIFT_VERSION = 5.0;
				TARGETED_DEVICE_FAMILY = "1,2";
				TEST_TARGET_NAME = MVVMTask;
			};
			name = Release;
		};
/* End XCBuildConfiguration section */

/* Begin XCConfigurationList section */
		77AA1D8E2569379600CC674E /* Build configuration list for PBXProject "MVVMTask" */ = {
			isa = XCConfigurationList;
			buildConfigurations = (
				77AA1DBB2569379B00CC674E /* Debug */,
				77AA1DBC2569379B00CC674E /* Release */,
			);
			defaultConfigurationIsVisible = 0;
			defaultConfigurationName = Release;
		};
		77AA1DBD2569379B00CC674E /* Build configuration list for PBXNativeTarget "MVVMTask" */ = {
			isa = XCConfigurationList;
			buildConfigurations = (
				77AA1DBE2569379B00CC674E /* Debug */,
				77AA1DBF2569379B00CC674E /* Release */,
			);
			defaultConfigurationIsVisible = 0;
			defaultConfigurationName = Release;
		};
		77AA1DC02569379B00CC674E /* Build configuration list for PBXNativeTarget "MVVMTaskTests" */ = {
			isa = XCConfigurationList;
			buildConfigurations = (
				77AA1DC12569379B00CC674E /* Debug */,
				77AA1DC22569379B00CC674E /* Release */,
			);
			defaultConfigurationIsVisible = 0;
			defaultConfigurationName = Release;
		};
		EA10BA1625C7347000472565 /* Build configuration list for PBXNativeTarget "MVVMTaskUITests" */ = {
			isa = XCConfigurationList;
			buildConfigurations = (
				EA10BA1425C7347000472565 /* Debug */,
				EA10BA1525C7347000472565 /* Release */,
			);
			defaultConfigurationIsVisible = 0;
			defaultConfigurationName = Release;
		};
/* End XCConfigurationList section */
	};
	rootObject = 77AA1D8B2569379600CC674E /* Project object */;
}
